
Microsoft Visual Studio Solution File, Format Version 12.00
# Visual Studio Version 17
VisualStudioVersion = 17.13.35825.156 d17.13
MinimumVisualStudioVersion = 10.0.40219.1
Project("{FAE04EC0-301F-11D3-BF4B-00C04F79EFBC}") = "API_Integration", "API_Integration.csproj", "{D66F130E-288F-468A-B417-E7BDDF4369F5}"
EndProject
Global
	GlobalSection(SolutionConfigurationPlatforms) = preSolution
		Debug|Any CPU = Debug|Any CPU
		Release|Any CPU = Release|Any CPU
	EndGlobalSection
	GlobalSection(ProjectConfigurationPlatforms) = postSolution
		{D66F130E-288F-468A-B417-E7BDDF4369F5}.Debug|Any CPU.ActiveCfg = Debug|Any CPU
		{D66F130E-288F-468A-B417-E7BDDF4369F5}.Debug|Any CPU.Build.0 = Debug|Any CPU
		{D66F130E-288F-468A-B417-E7BDDF4369F5}.Release|Any CPU.ActiveCfg = Release|Any CPU
		{D66F130E-288F-468A-B417-E7BDDF4369F5}.Release|Any CPU.Build.0 = Release|Any CPU
	EndGlobalSection
	GlobalSection(SolutionProperties) = preSolution
		HideSolutionNode = FALSE
	EndGlobalSection
	GlobalSection(ExtensibilityGlobals) = postSolution
		SolutionGuid = {A878E22B-0EC9-4109-BA09-AD2CD7B6971A}
	EndGlobalSection
EndGlobal
